
Microsoft Visual Studio Solution File, Format Version 12.00
# Visual Studio Version 17
VisualStudioVersion = 17.0.31903.59
MinimumVisualStudioVersion = 10.0.40219.1
Project("{FAE04EC0-301F-11D3-BF4B-00C04F79EFBC}") = "EasySnippets", "EasySnippets\EasySnippets.csproj", "{A1B2C3D4-1234-5678-9ABC-DEF012345678}"
EndProject
Project("{FAE04EC0-301F-11D3-BF4B-00C04F79EFBC}") = "EasySnippets.Tests", "EasySnippets.Tests\EasySnippets.Tests.csproj", "{B2C3D4E5-2345-6789-ABCD-EF0123456789}"
EndProject
Global
	GlobalSection(SolutionConfigurationPlatforms) = preSolution
		Debug|x64 = Debug|x64
		Release|x64 = Release|x64
	EndGlobalSection
	GlobalSection(ProjectConfigurationPlatforms) = postSolution
		{A1B2C3D4-1234-5678-9ABC-DEF012345678}.Debug|x64.ActiveCfg = Debug|x64
		{A1B2C3D4-1234-5678-9ABC-DEF012345678}.Debug|x64.Build.0 = Debug|x64
		{A1B2C3D4-1234-5678-9ABC-DEF012345678}.Release|x64.ActiveCfg = Release|x64
		{A1B2C3D4-1234-5678-9ABC-DEF012345678}.Release|x64.Build.0 = Release|x64
		{B2C3D4E5-2345-6789-ABCD-EF0123456789}.Debug|x64.ActiveCfg = Debug|x64
		{B2C3D4E5-2345-6789-ABCD-EF0123456789}.Debug|x64.Build.0 = Debug|x64
		{B2C3D4E5-2345-6789-ABCD-EF0123456789}.Release|x64.ActiveCfg = Release|x64
		{B2C3D4E5-2345-6789-ABCD-EF0123456789}.Release|x64.Build.0 = Release|x64
	EndGlobalSection
EndGlobal
